Microsoft Visual Studio Solution File, Format Version 12.00
# Visual Studio Version 17
VisualStudioVersion = 17.5.2.0
MinimumVisualStudioVersion = 10.0.40219.1
Project("{FAE04EC0-301F-11D3-BF4B-00C04F79EFBC}") = "WisVest", "WisVest.csproj", "{5D9DA3B1-DE3D-0D65-3736-95CAE7A93486}"
EndProject
Global
	GlobalSection(SolutionConfigurationPlatforms) = preSolution
		Debug|Any CPU = Debug|Any CPU
		Release|Any CPU = Release|Any CPU
	EndGlobalSection
	GlobalSection(ProjectConfigurationPlatforms) = postSolution
		{5D9DA3B1-DE3D-0D65-3736-95CAE7A93486}.Debug|Any CPU.ActiveCfg = Debug|Any CPU
		{5D9DA3B1-DE3D-0D65-3736-95CAE7A93486}.Debug|Any CPU.Build.0 = Debug|Any CPU
		{5D9DA3B1-DE3D-0D65-3736-95CAE7A93486}.Release|Any CPU.ActiveCfg = Release|Any CPU
		{5D9DA3B1-DE3D-0D65-3736-95CAE7A93486}.Release|Any CPU.Build.0 = Release|Any CPU
	EndGlobalSection
	GlobalSection(SolutionProperties) = preSolution
		HideSolutionNode = FALSE
	EndGlobalSection
	GlobalSection(ExtensibilityGlobals) = postSolution
		SolutionGuid = {6E4CB0DD-45F4-4C32-8013-CD840DB4EF34}
	EndGlobalSection
EndGlobal
